
Microsoft Visual Studio Solution File, Format Version 12.00
# Visual Studio Version 16
VisualStudioVersion = 16.0.31729.503
MinimumVisualStudioVersion = 10.0.40219.1
Project("{FAE04EC0-301F-11D3-BF4B-00C04F79EFBC}") = "PCPartsShop", "PCPartsShop\PCPartsShop.csproj", "{8AFC7B8A-9E0F-4DDB-B918-3F6BCA159A09}"
EndProject
Global
	GlobalSection(SolutionConfigurationPlatforms) = preSolution
		Debug|Any CPU = Debug|Any CPU
		Release|Any CPU = Release|Any CPU
	EndGlobalSection
	GlobalSection(ProjectConfigurationPlatforms) = postSolution
		{8AFC7B8A-9E0F-4DDB-B918-3F6BCA159A09}.Debug|Any CPU.ActiveCfg = Debug|Any CPU
		{8AFC7B8A-9E0F-4DDB-B918-3F6BCA159A09}.Debug|Any CPU.Build.0 = Debug|Any CPU
		{8AFC7B8A-9E0F-4DDB-B918-3F6BCA159A09}.Release|Any CPU.ActiveCfg = Release|Any CPU
		{8AFC7B8A-9E0F-4DDB-B918-3F6BCA159A09}.Release|Any CPU.Build.0 = Release|Any CPU
	EndGlobalSection
	GlobalSection(SolutionProperties) = preSolution
		HideSolutionNode = FALSE
	EndGlobalSection
	GlobalSection(ExtensibilityGlobals) = postSolution
		SolutionGuid = {3B07D4C9-FFB2-4DC7-B050-51095137A9B6}
	EndGlobalSection
EndGlobal
